# This file is automatically @generated by Poetry 1.8.2 and should not be changed by hand.

[[package]]
name = "cloudpickle"
version = "3.0.0"
description = "Pickler class to extend the standard pickle.Pickler functionality"
optional = false
python-versions = ">=3.8"
files = [
    {file = "cloudpickle-3.0.0-py3-none-any.whl", hash = "sha256:246ee7d0c295602a036e86369c77fecda4ab17b506496730f2f576d9016fd9c7"},
    {file = "cloudpickle-3.0.0.tar.gz", hash = "sha256:996d9a482c6fb4f33c1a35335cf8afd065d2a56e973270364840712d9131a882"},
]

[[package]]
name = "farama-notifications"
version = "0.0.4"
description = "Notifications for all Farama Foundation maintained libraries."
optional = false
python-versions = "*"
files = [
    {file = "Farama-Notifications-0.0.4.tar.gz", hash = "sha256:13fceff2d14314cf80703c8266462ebf3733c7d165336eee998fc58e545efd18"},
    {file = "Farama_Notifications-0.0.4-py3-none-any.whl", hash = "sha256:14de931035a41961f7c056361dc7f980762a143d05791ef5794a751a2caf05ae"},
]

[[package]]
name = "gymnasium"
version = "0.29.1"
description = "A standard API for reinforcement learning and a diverse set of reference environments (formerly Gym)."
optional = false
python-versions = ">=3.8"
files = [
    {file = "gymnasium-0.29.1-py3-none-any.whl", hash = "sha256:61c3384b5575985bb7f85e43213bcb40f36fcdff388cae6bc229304c71f2843e"},
    {file = "gymnasium-0.29.1.tar.gz", hash = "sha256:1a532752efcb7590478b1cc7aa04f608eb7a2fdad5570cd217b66b6a35274bb1"},
]

[package.dependencies]
cloudpickle = ">=1.2.0"
farama-notifications = ">=0.0.1"
numpy = ">=1.21.0"
typing-extensions = ">=4.3.0"

[package.extras]
accept-rom-license = ["autorom[accept-rom-license] (>=0.4.2,<0.5.0)"]
all = ["box2d-py (==2.3.5)", "cython (<3)", "imageio (>=2.14.1)", "jax (>=0.4.0)", "jaxlib (>=0.4.0)", "lz4 (>=3.1.0)", "matplotlib (>=3.0)", "moviepy (>=1.0.0)", "mujoco (>=2.3.3)", "mujoco-py (>=2.1,<2.2)", "opencv-python (>=3.0)", "pygame (>=2.1.3)", "shimmy[atari] (>=0.1.0,<1.0)", "swig (==4.*)", "torch (>=1.0.0)"]
atari = ["shimmy[atari] (>=0.1.0,<1.0)"]
box2d = ["box2d-py (==2.3.5)", "pygame (>=2.1.3)", "swig (==4.*)"]
classic-control = ["pygame (>=2.1.3)", "pygame (>=2.1.3)"]
jax = ["jax (>=0.4.0)", "jaxlib (>=0.4.0)"]
mujoco = ["imageio (>=2.14.1)", "mujoco (>=2.3.3)"]
mujoco-py = ["cython (<3)", "cython (<3)", "mujoco-py (>=2.1,<2.2)", "mujoco-py (>=2.1,<2.2)"]
other = ["lz4 (>=3.1.0)", "matplotlib (>=3.0)", "moviepy (>=1.0.0)", "opencv-python (>=3.0)", "torch (>=1.0.0)"]
testing = ["pytest (==7.1.3)", "scipy (>=1.7.3)"]
toy-text = ["pygame (>=2.1.3)", "pygame (>=2.1.3)"]

[[package]]
name = "jax"
version = "0.4.28"
description = "Differentiate, compile, and transform Numpy code."
optional = false
python-versions = ">=3.9"
files = [
    {file = "jax-0.4.28-py3-none-any.whl", hash = "sha256:6a181e6b5a5b1140e19cdd2d5c4aa779e4cb4ec627757b918be322d8e81035ba"},
    {file = "jax-0.4.28.tar.gz", hash = "sha256:dcf0a44aff2e1713f0a2b369281cd5b79d8c18fc1018905c4125897cb06b37e9"},
]

[package.dependencies]
jaxlib = {version = "0.4.28", optional = true, markers = "extra == \"cpu\""}
ml-dtypes = ">=0.2.0"
numpy = {version = ">=1.26.0", markers = "python_version >= \"3.12\""}
opt-einsum = "*"
scipy = {version = ">=1.11.1", markers = "python_version >= \"3.12\""}

[package.extras]
australis = ["protobuf (>=3.13,<4)"]
ci = ["jaxlib (==0.4.27)"]
cpu = ["jaxlib (==0.4.28)"]
cuda = ["jaxlib (==0.4.28+cuda12.cudnn89)"]
cuda12 = ["jax-cuda12-plugin (==0.4.28)", "jaxlib (==0.4.28)", "nvidia-cublas-cu12 (>=12.1.3.1)", "nvidia-cuda-cupti-cu12 (>=12.1.105)", "nvidia-cuda-nvcc-cu12 (>=12.1.105)", "nvidia-cuda-runtime-cu12 (>=12.1.105)", "nvidia-cudnn-cu12 (>=8.9.2.26,<9.0)", "nvidia-cufft-cu12 (>=11.0.2.54)", "nvidia-cusolver-cu12 (>=11.4.5.107)", "nvidia-cusparse-cu12 (>=12.1.0.106)", "nvidia-nccl-cu12 (>=2.18.1)", "nvidia-nvjitlink-cu12 (>=12.1.105)"]
cuda12-cudnn89 = ["jaxlib (==0.4.28+cuda12.cudnn89)"]
cuda12-local = ["jaxlib (==0.4.28+cuda12.cudnn89)"]
cuda12-pip = ["jaxlib (==0.4.28+cuda12.cudnn89)", "nvidia-cublas-cu12 (>=12.1.3.1)", "nvidia-cuda-cupti-cu12 (>=12.1.105)", "nvidia-cuda-nvcc-cu12 (>=12.1.105)", "nvidia-cuda-runtime-cu12 (>=12.1.105)", "nvidia-cudnn-cu12 (>=8.9.2.26,<9.0)", "nvidia-cufft-cu12 (>=11.0.2.54)", "nvidia-cusolver-cu12 (>=11.4.5.107)", "nvidia-cusparse-cu12 (>=12.1.0.106)", "nvidia-nccl-cu12 (>=2.18.1)", "nvidia-nvjitlink-cu12 (>=12.1.105)"]
minimum-jaxlib = ["jaxlib (==0.4.27)"]
tpu = ["jaxlib (==0.4.28)", "libtpu-nightly (==0.1.dev20240508)", "requests"]

[[package]]
name = "jaxlib"
version = "0.4.28"
description = "XLA library for JAX"
optional = false
python-versions = ">=3.9"
files = [
    {file = "jaxlib-0.4.28-cp310-cp310-macosx_10_14_x86_64.whl", hash = "sha256:a421d237f8c25d2850166d334603c673ddb9b6c26f52bc496704b8782297bd66"},
    {file = "jaxlib-0.4.28-cp310-cp310-macosx_11_0_arm64.whl", hash = "sha256:f038e68bd10d1a3554722b0bbe36e6a448384437a75aa9d283f696f0ed9f8c09"},
    {file = "jaxlib-0.4.28-cp310-cp310-manylinux2014_aarch64.whl", hash = "sha256:fabe77c174e9e196e9373097cefbb67e00c7e5f9d864583a7cfcf9dabd2429b6"},
    {file = "jaxlib-0.4.28-cp310-cp310-manylinux2014_x86_64.whl", hash = "sha256:e3bcdc6f8e60f8554f415c14d930134e602e3ca33c38e546274fd545f875769b"},
    {file = "jaxlib-0.4.28-cp310-cp310-win_amd64.whl", hash = "sha256:a8b31c0e5eea36b7915696b9be40ea8646edc395a3e5437bf7ef26b7239a567a"},
    {file = "jaxlib-0.4.28-cp311-cp311-macosx_10_14_x86_64.whl", hash = "sha256:2ff8290edc7b92c7eae52517f65492633e267b2e9067bad3e4c323d213e77cf5"},
    {file = "jaxlib-0.4.28-cp311-cp311-macosx_11_0_arm64.whl", hash = "sha256:793857faf37f371cafe752fea5fc811f435e43b8fb4b502058444a7f5eccf829"},
    {file = "jaxlib-0.4.28-cp311-cp311-manylinux2014_aarch64.whl", hash = "sha256:b41a6b0d506c09f86a18ecc05bd376f072b548af89c333107e49bb0c09c1a3f8"},
    {file = "jaxlib-0.4.28-cp311-cp311-manylinux2014_x86_64.whl", hash = "sha256:45ce0f3c840cff8236cff26c37f26c9ff078695f93e0c162c320c281f5041275"},
    {file = "jaxlib-0.4.28-cp311-cp311-win_amd64.whl", hash = "sha256:d4d762c3971d74e610a0e85a7ee063cea81a004b365b2a7dc65133f08b04fac5"},
    {file = "jaxlib-0.4.28-cp312-cp312-macosx_10_14_x86_64.whl", hash = "sha256:d6c09a545329722461af056e735146d2c8c74c22ac7426a845eb69f326b4f7a0"},
    {file = "jaxlib-0.4.28-cp312-cp312-macosx_11_0_arm64.whl", hash = "sha256:8dd8bffe3853702f63cd924da0ee25734a4d19cd5c926be033d772ba7d1c175d"},
    {file = "jaxlib-0.4.28-cp312-cp312-manylinux2014_aarch64.whl", hash = "sha256:de2e8521eb51e16e85093a42cb51a781773fa1040dcf9245d7ea160a14ee5a5b"},
    {file = "jaxlib-0.4.28-cp312-cp312-manylinux2014_x86_64.whl", hash = "sha256:46a1aa857f4feee8a43fcba95c0e0ab62d40c26cc9730b6c69655908ba359f8d"},
    {file = "jaxlib-0.4.28-cp312-cp312-win_amd64.whl", hash = "sha256:eee428eac31697a070d655f1f24f6ab39ced76750d93b1de862377a52dcc2401"},
    {file = "jaxlib-0.4.28-cp39-cp39-macosx_10_14_x86_64.whl", hash = "sha256:4f98cc837b2b6c6dcfe0ab7ff9eb109314920946119aa3af9faa139718ff2787"},
    {file = "jaxlib-0.4.28-cp39-cp39-macosx_11_0_arm64.whl", hash = "sha256:b01562ec8ad75719b7d0389752489e97eb6b4dcb4c8c113be491634d5282ad3c"},
    {file = "jaxlib-0.4.28-cp39-cp39-manylinux2014_aarch64.whl", hash = "sha256:aa77a9360a395ba9faf6932df637686fb0c14ddcf4fdc1d2febe04bc88a580a6"},
    {file = "jaxlib-0.4.28-cp39-cp39-manylinux2014_x86_64.whl", hash = "sha256:4a56ebf05b4a4c1791699d874e072f3f808f0986b4010b14fb549a69c90ca9dc"},
    {file = "jaxlib-0.4.28-cp39-cp39-win_amd64.whl", hash = "sha256:459a4ddcc3e120904b9f13a245430d7801d707bca48925981cbdc59628057dc8"},
]

[package.dependencies]
ml-dtypes = ">=0.2.0"
numpy = ">=1.22"
scipy = {version = ">=1.11.1", markers = "python_version >= \"3.12\""}

[package.extras]
cuda12-pip = ["nvidia-cublas-cu12 (>=12.1.3.1)", "nvidia-cuda-cupti-cu12 (>=12.1.105)", "nvidia-cuda-nvcc-cu12 (>=12.1.105)", "nvidia-cuda-runtime-cu12 (>=12.1.105)", "nvidia-cudnn-cu12 (>=8.9.2.26,<9.0)", "nvidia-cufft-cu12 (>=11.0.2.54)", "nvidia-cusolver-cu12 (>=11.4.5.107)", "nvidia-cusparse-cu12 (>=12.1.0.106)", "nvidia-nccl-cu12 (>=2.18.1)", "nvidia-nvjitlink-cu12 (>=12.1.105)"]

[[package]]
name = "ml-dtypes"
version = "0.4.0"
description = ""
optional = false
python-versions = ">=3.9"
files = [
    {file = "ml_dtypes-0.4.0-cp310-cp310-macosx_10_9_universal2.whl", hash = "sha256:93afe37f3a879d652ec9ef1fc47612388890660a2657fbb5747256c3b818fd81"},
    {file = "ml_dtypes-0.4.0-cp310-cp310-manylinux_2_17_aarch64.manylinux2014_aarch64.whl", hash = "sha256:2bb83fd064db43e67e67d021e547698af4c8d5c6190f2e9b1c53c09f6ff5531d"},
    {file = "ml_dtypes-0.4.0-cp310-cp310-manylinux_2_17_x86_64.manylinux2014_x86_64.whl", hash = "sha256:03e7cda6ef164eed0abb31df69d2c00c3a5ab3e2610b6d4c42183a43329c72a5"},
    {file = "ml_dtypes-0.4.0-cp310-cp310-win_amd64.whl", hash = "sha256:a15d96d090aebb55ee85173d1775ae325a001aab607a76c8ea0b964ccd6b5364"},
    {file = "ml_dtypes-0.4.0-cp311-cp311-macosx_10_9_universal2.whl", hash = "sha256:bdf689be7351cc3c95110c910c1b864002f113e682e44508910c849e144f3df1"},
    {file = "ml_dtypes-0.4.0-cp311-cp311-manylinux_2_17_aarch64.manylinux2014_aarch64.whl", hash = "sha256:c83e4d443962d891d51669ff241d5aaad10a8d3d37a81c5532a45419885d591c"},
    {file = "ml_dtypes-0.4.0-cp311-cp311-manylinux_2_17_x86_64.manylinux2014_x86_64.whl", hash = "sha256:e1e2f4237b459a63c97c2c9f449baa637d7e4c20addff6a9bac486f22432f3b6"},
    {file = "ml_dtypes-0.4.0-cp311-cp311-win_amd64.whl", hash = "sha256:75b4faf99d0711b81f393db36d210b4255fd419f6f790bc6c1b461f95ffb7a9e"},
    {file = "ml_dtypes-0.4.0-cp312-cp312-macosx_10_9_universal2.whl", hash = "sha256:ee9f91d4c4f9959a7e1051c141dc565f39e54435618152219769e24f5e9a4d06"},
    {file = "ml_dtypes-0.4.0-cp312-cp312-manylinux_2_17_aarch64.manylinux2014_aarch64.whl", hash = "sha256:ad6849a2db386b38e4d54fe13eb3293464561780531a918f8ef4c8169170dd49"},
    {file = "ml_dtypes-0.4.0-cp312-cp312-manylinux_2_17_x86_64.manylinux2014_x86_64.whl", hash = "sha256:eaa32979ebfde3a0d7c947cafbf79edc1ec77ac05ad0780ee86c1d8df70f2259"},
    {file = "ml_dtypes-0.4.0-cp312-cp312-win_amd64.whl", hash = "sha256:3b67ec73a697c88c1122038e0de46520e48dc2ec876d42cf61bc5efe3c0b7675"},
    {file = "ml_dtypes-0.4.0-cp39-cp39-macosx_10_9_universal2.whl", hash = "sha256:41affb38fdfe146e3db226cf2953021184d6f0c4ffab52136613e9601706e368"},
    {file = "ml_dtypes-0.4.0-cp39-cp39-manylinux_2_17_aarch64.manylinux2014_aarch64.whl", hash = "sha256:43cf4356a0fe2eeac6d289018d0734e17a403bdf1fd911953c125dd0358edcc0"},
    {file = "ml_dtypes-0.4.0-cp39-cp39-manylinux_2_17_x86_64.manylinux2014_x86_64.whl", hash = "sha256:f1724ddcdf5edbaf615a62110af47407f1719b8d02e68ccee60683acb5f74da1"},
    {file = "ml_dtypes-0.4.0-cp39-cp39-win_amd64.whl", hash = "sha256:723af6346447268a3cf0b7356e963d80ecb5732b5279b2aa3fa4b9fc8297c85e"},
    {file = "ml_dtypes-0.4.0.tar.gz", hash = "sha256:eaf197e72f4f7176a19fe3cb8b61846b38c6757607e7bf9cd4b1d84cd3e74deb"},
]

[package.dependencies]
numpy = {version = ">=1.26.0", markers = "python_version >= \"3.12\""}

[package.extras]
dev = ["absl-py", "pyink", "pylint (>=2.6.0)", "pytest", "pytest-xdist"]

[[package]]
name = "numpy"
version = "1.26.4"
description = "Fundamental package for array computing in Python"
optional = false
python-versions = ">=3.9"
files = [
    {file = "numpy-1.26.4-cp310-cp310-macosx_10_9_x86_64.whl", hash = "sha256:9ff0f4f29c51e2803569d7a51c2304de5554655a60c5d776e35b4a41413830d0"},
    {file = "numpy-1.26.4-cp310-cp310-macosx_11_0_arm64.whl", hash = "sha256:2e4ee3380d6de9c9ec04745830fd9e2eccb3e6cf790d39d7b98ffd19b0dd754a"},
    {file = "numpy-1.26.4-cp310-cp310-manylinux_2_17_aarch64.manylinux2014_aarch64.whl", hash = "sha256:d209d8969599b27ad20994c8e41936ee0964e6da07478d6c35016bc386b66ad4"},
    {file = "numpy-1.26.4-cp310-cp310-manylinux_2_17_x86_64.manylinux2014_x86_64.whl", hash = "sha256:ffa75af20b44f8dba823498024771d5ac50620e6915abac414251bd971b4529f"},
    {file = "numpy-1.26.4-cp310-cp310-musllinux_1_1_aarch64.whl", hash = "sha256:62b8e4b1e28009ef2846b4c7852046736bab361f7aeadeb6a5b89ebec3c7055a"},
    {file = "numpy-1.26.4-cp310-cp310-musllinux_1_1_x86_64.whl", hash = "sha256:a4abb4f9001ad2858e7ac189089c42178fcce737e4169dc61321660f1a96c7d2"},
    {file = "numpy-1.26.4-cp310-cp310-win32.whl", hash = "sha256:bfe25acf8b437eb2a8b2d49d443800a5f18508cd811fea3181723922a8a82b07"},
    {file = "numpy-1.26.4-cp310-cp310-win_amd64.whl", hash = "sha256:b97fe8060236edf3662adfc2c633f56a08ae30560c56310562cb4f95500022d5"},
    {file = "numpy-1.26.4-cp311-cp311-macosx_10_9_x86_64.whl", hash = "sha256:4c66707fabe114439db9068ee468c26bbdf909cac0fb58686a42a24de1760c71"},
    {file = "numpy-1.26.4-cp311-cp311-macosx_11_0_arm64.whl", hash = "sha256:edd8b5fe47dab091176d21bb6de568acdd906d1887a4584a15a9a96a1dca06ef"},
    {file = "numpy-1.26.4-cp311-cp311-manylinux_2_17_aarch64.manylinux2014_aarch64.whl", hash = "sha256:7ab55401287bfec946ced39700c053796e7cc0e3acbef09993a9ad2adba6ca6e"},
    {file = "numpy-1.26.4-cp311-cp311-manylinux_2_17_x86_64.manylinux2014_x86_64.whl", hash = "sha256:666dbfb6ec68962c033a450943ded891bed2d54e6755e35e5835d63f4f6931d5"},
    {file = "numpy-1.26.4-cp311-cp311-musllinux_1_1_aarch64.whl", hash = "sha256:96ff0b2ad353d8f990b63294c8986f1ec3cb19d749234014f4e7eb0112ceba5a"},
    {file = "numpy-1.26.4-cp311-cp311-musllinux_1_1_x86_64.whl", hash = "sha256:60dedbb91afcbfdc9bc0b1f3f402804070deed7392c23eb7a7f07fa857868e8a"},
    {file = "numpy-1.26.4-cp311-cp311-win32.whl", hash = "sha256:1af303d6b2210eb850fcf03064d364652b7120803a0b872f5211f5234b399f20"},
    {file = "numpy-1.26.4-cp311-cp311-win_amd64.whl", hash = "sha256:cd25bcecc4974d09257ffcd1f098ee778f7834c3ad767fe5db785be9a4aa9cb2"},
    {file = "numpy-1.26.4-cp312-cp312-macosx_10_9_x86_64.whl", hash = "sha256:b3ce300f3644fb06443ee2222c2201dd3a89ea6040541412b8fa189341847218"},
    {file = "numpy-1.26.4-cp312-cp312-macosx_11_0_arm64.whl", hash = "sha256:03a8c78d01d9781b28a6989f6fa1bb2c4f2d51201cf99d3dd875df6fbd96b23b"},
    {file = "numpy-1.26.4-cp312-cp312-manylinux_2_17_aarch64.manylinux2014_aarch64.whl", hash = "sha256:9fad7dcb1aac3c7f0584a5a8133e3a43eeb2fe127f47e3632d43d677c66c102b"},
    {file = "numpy-1.26.4-cp312-cp312-manylinux_2_17_x86_64.manylinux2014_x86_64.whl", hash = "sha256:675d61ffbfa78604709862923189bad94014bef562cc35cf61d3a07bba02a7ed"},
    {file = "numpy-1.26.4-cp312-cp312-musllinux_1_1_aarch64.whl", hash = "sha256:ab47dbe5cc8210f55aa58e4805fe224dac469cde56b9f731a4c098b91917159a"},
    {file = "numpy-1.26.4-cp312-cp312-musllinux_1_1_x86_64.whl", hash = "sha256:1dda2e7b4ec9dd512f84935c5f126c8bd8b9f2fc001e9f54af255e8c5f16b0e0"},
    {file = "numpy-1.26.4-cp312-cp312-win32.whl", hash = "sha256:50193e430acfc1346175fcbdaa28ffec49947a06918b7b92130744e81e640110"},
    {file = "numpy-1.26.4-cp312-cp312-win_amd64.whl", hash = "sha256:08beddf13648eb95f8d867350f6a018a4be2e5ad54c8d8caed89ebca558b2818"},
    {file = "numpy-1.26.4-cp39-cp39-macosx_10_9_x86_64.whl", hash = "sha256:7349ab0fa0c429c82442a27a9673fc802ffdb7c7775fad780226cb234965e53c"},
    {file = "numpy-1.26.4-cp39-cp39-macosx_11_0_arm64.whl", hash = "sha256:52b8b60467cd7dd1e9ed082188b4e6bb35aa5cdd01777621a1658910745b90be"},
    {file = "numpy-1.26.4-cp39-cp39-manylinux_2_17_aarch64.manylinux2014_aarch64.whl", hash = "sha256:d5241e0a80d808d70546c697135da2c613f30e28251ff8307eb72ba696945764"},
    {file = "numpy-1.26.4-cp39-cp39-manylinux_2_17_x86_64.manylinux2014_x86_64.whl", hash = "sha256:f870204a840a60da0b12273ef34f7051e98c3b5961b61b0c2c1be6dfd64fbcd3"},
    {file = "numpy-1.26.4-cp39-cp39-musllinux_1_1_aarch64.whl", hash = "sha256:679b0076f67ecc0138fd2ede3a8fd196dddc2ad3254069bcb9faf9a79b1cebcd"},
    {file = "numpy-1.26.4-cp39-cp39-musllinux_1_1_x86_64.whl", hash = "sha256:47711010ad8555514b434df65f7d7b076bb8261df1ca9bb78f53d3b2db02e95c"},
    {file = "numpy-1.26.4-cp39-cp39-win32.whl", hash = "sha256:a354325ee03388678242a4d7ebcd08b5c727033fcff3b2f536aea978e15ee9e6"},
    {file = "numpy-1.26.4-cp39-cp39-win_amd64.whl", hash = "sha256:3373d5d70a5fe74a2c1bb6d2cfd9609ecf686d47a2d7b1d37a8f3b6bf6003aea"},
    {file = "numpy-1.26.4-pp39-pypy39_pp73-macosx_10_9_x86_64.whl", hash = "sha256:afedb719a9dcfc7eaf2287b839d8198e06dcd4cb5d276a3df279231138e83d30"},
    {file = "numpy-1.26.4-pp39-pypy39_pp73-manylinux_2_17_x86_64.manylinux2014_x86_64.whl", hash = "sha256:95a7476c59002f2f6c590b9b7b998306fba6a5aa646b1e22ddfeaf8f78c3a29c"},
    {file = "numpy-1.26.4-pp39-pypy39_pp73-win_amd64.whl", hash = "sha256:7e50d0a0cc3189f9cb0aeb3a6a6af18c16f59f004b866cd2be1c14b36134a4a0"},
    {file = "numpy-1.26.4.tar.gz", hash = "sha256:2a02aba9ed12e4ac4eb3ea9421c420301a0c6460d9830d74a9df87efa4912010"},
]

[[package]]
name = "opt-einsum"
version = "3.3.0"
description = "Optimizing numpys einsum function"
optional = false
python-versions = ">=3.5"
files = [
    {file = "opt_einsum-3.3.0-py3-none-any.whl", hash = "sha256:2455e59e3947d3c275477df7f5205b30635e266fe6dc300e3d9f9646bfcea147"},
    {file = "opt_einsum-3.3.0.tar.gz", hash = "sha256:59f6475f77bbc37dcf7cd748519c0ec60722e91e63ca114e68821c0c54a46549"},
]

[package.dependencies]
numpy = ">=1.7"

[package.extras]
docs = ["numpydoc", "sphinx (==1.2.3)", "sphinx-rtd-theme", "sphinxcontrib-napoleon"]
tests = ["pytest", "pytest-cov", "pytest-pep8"]

[[package]]
name = "scipy"
version = "1.13.1"
description = "Fundamental algorithms for scientific computing in Python"
optional = false
python-versions = ">=3.9"
files = [
    {file = "scipy-1.13.1-cp310-cp310-macosx_10_9_x86_64.whl", hash = "sha256:20335853b85e9a49ff7572ab453794298bcf0354d8068c5f6775a0eabf350aca"},
    {file = "scipy-1.13.1-cp310-cp310-macosx_12_0_arm64.whl", hash = "sha256:d605e9c23906d1994f55ace80e0125c587f96c020037ea6aa98d01b4bd2e222f"},
    {file = "scipy-1.13.1-cp310-cp310-manylinux_2_17_aarch64.manylinux2014_aarch64.whl", hash = "sha256:cfa31f1def5c819b19ecc3a8b52d28ffdcc7ed52bb20c9a7589669dd3c250989"},
    {file = "scipy-1.13.1-cp310-cp310-manylinux_2_17_x86_64.manylinux2014_x86_64.whl", hash = "sha256:f26264b282b9da0952a024ae34710c2aff7d27480ee91a2e82b7b7073c24722f"},
    {file = "scipy-1.13.1-cp310-cp310-musllinux_1_1_x86_64.whl", hash = "sha256:eccfa1906eacc02de42d70ef4aecea45415f5be17e72b61bafcfd329bdc52e94"},
    {file = "scipy-1.13.1-cp310-cp310-win_amd64.whl", hash = "sha256:2831f0dc9c5ea9edd6e51e6e769b655f08ec6db6e2e10f86ef39bd32eb11da54"},
    {file = "scipy-1.13.1-cp311-cp311-macosx_10_9_x86_64.whl", hash = "sha256:27e52b09c0d3a1d5b63e1105f24177e544a222b43611aaf5bc44d4a0979e32f9"},
    {file = "scipy-1.13.1-cp311-cp311-macosx_12_0_arm64.whl", hash = "sha256:54f430b00f0133e2224c3ba42b805bfd0086fe488835effa33fa291561932326"},
    {file = "scipy-1.13.1-cp311-cp311-manylinux_2_17_aarch64.manylinux2014_aarch64.whl", hash = "sha256:e89369d27f9e7b0884ae559a3a956e77c02114cc60a6058b4e5011572eea9299"},
    {file = "scipy-1.13.1-cp311-cp311-manylinux_2_17_x86_64.manylinux2014_x86_64.whl", hash = "sha256:a78b4b3345f1b6f68a763c6e25c0c9a23a9fd0f39f5f3d200efe8feda560a5fa"},
    {file = "scipy-1.13.1-cp311-cp311-musllinux_1_1_x86_64.whl", hash = "sha256:45484bee6d65633752c490404513b9ef02475b4284c4cfab0ef946def50b3f59"},
    {file = "scipy-1.13.1-cp311-cp311-win_amd64.whl", hash = "sha256:5713f62f781eebd8d597eb3f88b8bf9274e79eeabf63afb4a737abc6c84ad37b"},
    {file = "scipy-1.13.1-cp312-cp312-macosx_10_9_x86_64.whl", hash = "sha256:5d72782f39716b2b3509cd7c33cdc08c96f2f4d2b06d51e52fb45a19ca0c86a1"},
    {file = "scipy-1.13.1-cp312-cp312-macosx_12_0_arm64.whl", hash = "sha256:017367484ce5498445aade74b1d5ab377acdc65e27095155e448c88497755a5d"},
    {file = "scipy-1.13.1-cp312-cp312-manylinux_2_17_aarch64.manylinux2014_aarch64.whl", hash = "sha256:949ae67db5fa78a86e8fa644b9a6b07252f449dcf74247108c50e1d20d2b4627"},
    {file = "scipy-1.13.1-cp312-cp312-manylinux_2_17_x86_64.manylinux2014_x86_64.whl", hash = "sha256:de3ade0e53bc1f21358aa74ff4830235d716211d7d077e340c7349bc3542e884"},
    {file = "scipy-1.13.1-cp312-cp312-musllinux_1_1_x86_64.whl", hash = "sha256:2ac65fb503dad64218c228e2dc2d0a0193f7904747db43014645ae139c8fad16"},
    {file = "scipy-1.13.1-cp312-cp312-win_amd64.whl", hash = "sha256:cdd7dacfb95fea358916410ec61bbc20440f7860333aee6d882bb8046264e949"},
    {file = "scipy-1.13.1-cp39-cp39-macosx_10_9_x86_64.whl", hash = "sha256:436bbb42a94a8aeef855d755ce5a465479c721e9d684de76bf61a62e7c2b81d5"},
    {file = "scipy-1.13.1-cp39-cp39-macosx_12_0_arm64.whl", hash = "sha256:8335549ebbca860c52bf3d02f80784e91a004b71b059e3eea9678ba994796a24"},
    {file = "scipy-1.13.1-cp39-cp39-manylinux_2_17_aarch64.manylinux2014_aarch64.whl", hash = "sha256:d533654b7d221a6a97304ab63c41c96473ff04459e404b83275b60aa8f4b7004"},
    {file = "scipy-1.13.1-cp39-cp39-manylinux_2_17_x86_64.manylinux2014_x86_64.whl", hash = "sha256:637e98dcf185ba7f8e663e122ebf908c4702420477ae52a04f9908707456ba4d"},
    {file = "scipy-1.13.1-cp39-cp39-musllinux_1_1_x86_64.whl", hash = "sha256:a014c2b3697bde71724244f63de2476925596c24285c7a637364761f8710891c"},
    {file = "scipy-1.13.1-cp39-cp39-win_amd64.whl", hash = "sha256:392e4ec766654852c25ebad4f64e4e584cf19820b980bc04960bca0b0cd6eaa2"},
    {file = "scipy-1.13.1.tar.gz", hash = "sha256:095a87a0312b08dfd6a6155cbbd310a8c51800fc931b8c0b84003014b874ed3c"},
]

[package.dependencies]
numpy = ">=1.22.4,<2.3"

[package.extras]
dev = ["cython-lint (>=0.12.2)", "doit (>=0.36.0)", "mypy", "pycodestyle", "pydevtool", "rich-click", "ruff", "types-psutil", "typing_extensions"]
doc = ["jupyterlite-pyodide-kernel", "jupyterlite-sphinx (>=0.12.0)", "jupytext", "matplotlib (>=3.5)", "myst-nb", "numpydoc", "pooch", "pydata-sphinx-theme (>=0.15.2)", "sphinx (>=5.0.0)", "sphinx-design (>=0.4.0)"]
test = ["array-api-strict", "asv", "gmpy2", "hypothesis (>=6.30)", "mpmath", "pooch", "pytest", "pytest-cov", "pytest-timeout", "pytest-xdist", "scikit-umfpack", "threadpoolctl"]

[[package]]
name = "typing-extensions"
version = "4.12.1"
description = "Backported and Experimental Type Hints for Python 3.8+"
optional = false
python-versions = ">=3.8"
files = [
    {file = "typing_extensions-4.12.1-py3-none-any.whl", hash = "sha256:6024b58b69089e5a89c347397254e35f1bf02a907728ec7fee9bf0fe837d203a"},
    {file = "typing_extensions-4.12.1.tar.gz", hash = "sha256:915f5e35ff76f56588223f15fdd5938f9a1cf9195c0de25130c627e4d597f6d1"},
]

[metadata]
lock-version = "2.0"
python-versions = "^3.12"
content-hash = "d7868c4c1dd650da76a7e1b69174d18da566dab390b5a54b31450971e3dcb832"
